
Microsoft Visual Studio Solution File, Format Version 12.00
# Visual Studio Version 17
VisualStudioVersion = 17.9.34723.18
MinimumVisualStudioVersion = 10.0.40219.1
Project("{FAE04EC0-301F-11D3-BF4B-00C04F79EFBC}") = "LibraryManagementSystem", "LibraryManagementSystem\LibraryManagementSystem.csproj", "{51508623-C2CB-4F15-B722-8D9CEF6246F8}"
EndProject
Global
	GlobalSection(SolutionConfigurationPlatforms) = preSolution
		Debug|Any CPU = Debug|Any CPU
		Release|Any CPU = Release|Any CPU
	EndGlobalSection
	GlobalSection(ProjectConfigurationPlatforms) = postSolution
		{51508623-C2CB-4F15-B722-8D9CEF6246F8}.Debug|Any CPU.ActiveCfg = Debug|Any CPU
		{51508623-C2CB-4F15-B722-8D9CEF6246F8}.Debug|Any CPU.Build.0 = Debug|Any CPU
		{51508623-C2CB-4F15-B722-8D9CEF6246F8}.Release|Any CPU.ActiveCfg = Release|Any CPU
		{51508623-C2CB-4F15-B722-8D9CEF6246F8}.Release|Any CPU.Build.0 = Release|Any CPU
	EndGlobalSection
	GlobalSection(SolutionProperties) = preSolution
		HideSolutionNode = FALSE
	EndGlobalSection
	GlobalSection(ExtensibilityGlobals) = postSolution
		SolutionGuid = {101A38E9-DE58-4CED-B0BA-E583AB40A502}
	EndGlobalSection
EndGlobal
